
Microsoft Visual Studio Solution File, Format Version 12.00
# Visual Studio Version 17
VisualStudioVersion = 17.4.33403.182
MinimumVisualStudioVersion = 10.0.40219.1
Project("{FAE04EC0-301F-11D3-BF4B-00C04F79EFBC}") = "Сбалансированные деревья", "Сбалансированные деревья\Сбалансированные деревья.csproj", "{4E164BE0-8DB3-4D0E-9F40-D4D5598628BE}"
EndProject
Global
	GlobalSection(SolutionConfigurationPlatforms) = preSolution
		Debug|Any CPU = Debug|Any CPU
		Release|Any CPU = Release|Any CPU
	EndGlobalSection
	GlobalSection(ProjectConfigurationPlatforms) = postSolution
		{4E164BE0-8DB3-4D0E-9F40-D4D5598628BE}.Debug|Any CPU.ActiveCfg = Debug|Any CPU
		{4E164BE0-8DB3-4D0E-9F40-D4D5598628BE}.Debug|Any CPU.Build.0 = Debug|Any CPU
		{4E164BE0-8DB3-4D0E-9F40-D4D5598628BE}.Release|Any CPU.ActiveCfg = Release|Any CPU
		{4E164BE0-8DB3-4D0E-9F40-D4D5598628BE}.Release|Any CPU.Build.0 = Release|Any CPU
	EndGlobalSection
	GlobalSection(SolutionProperties) = preSolution
		HideSolutionNode = FALSE
	EndGlobalSection
	GlobalSection(ExtensibilityGlobals) = postSolution
		SolutionGuid = {3AA644CF-5124-422D-8D45-758F3D93A6E1}
	EndGlobalSection
EndGlobal
